
Microsoft Visual Studio Solution File, Format Version 12.00
# Visual Studio 2013
VisualStudioVersion = 12.0.40629.0
MinimumVisualStudioVersion = 10.0.40219.1
Project("{FAE04EC0-301F-11D3-BF4B-00C04F79EFBC}") = "Parascan1.Processing", "Parascan1.Processing.csproj", "{1430C0BD-7E64-455D-98E6-C3FE30619E83}"
EndProject
Project("{FAE04EC0-301F-11D3-BF4B-00C04F79EFBC}") = "Parascan1.Data", "..\Parascan1.Data\Parascan1.Data.csproj", "{EAB31672-A289-4B9A-B651-CFDA9BC1EAB5}"
EndProject
Project("{FAE04EC0-301F-11D3-BF4B-00C04F79EFBC}") = "QMIRATraining", "..\QMIRATraining\QMIRATraining.csproj", "{A0306A5D-7347-4817-BE35-2955F29E7FB7}"
EndProject
Project("{FAE04EC0-301F-11D3-BF4B-00C04F79EFBC}") = "ParasiteDetection", "GiardiaDetection\ParasiteDetection\ParasiteDetection.csproj", "{17284AE9-7E65-4B0F-96E6-4780D624BA3B}"
EndProject
Global
	GlobalSection(SolutionConfigurationPlatforms) = preSolution
		Debug|Any CPU = Debug|Any CPU
		Release|Any CPU = Release|Any CPU
	EndGlobalSection
	GlobalSection(ProjectConfigurationPlatforms) = postSolution
		{1430C0BD-7E64-455D-98E6-C3FE30619E83}.Debug|Any CPU.ActiveCfg = Debug|Any CPU
		{1430C0BD-7E64-455D-98E6-C3FE30619E83}.Debug|Any CPU.Build.0 = Debug|Any CPU
		{1430C0BD-7E64-455D-98E6-C3FE30619E83}.Release|Any CPU.ActiveCfg = Release|Any CPU
		{1430C0BD-7E64-455D-98E6-C3FE30619E83}.Release|Any CPU.Build.0 = Release|Any CPU
		{EAB31672-A289-4B9A-B651-CFDA9BC1EAB5}.Debug|Any CPU.ActiveCfg = Debug|Any CPU
		{EAB31672-A289-4B9A-B651-CFDA9BC1EAB5}.Debug|Any CPU.Build.0 = Debug|Any CPU
		{EAB31672-A289-4B9A-B651-CFDA9BC1EAB5}.Release|Any CPU.ActiveCfg = Release|Any CPU
		{EAB31672-A289-4B9A-B651-CFDA9BC1EAB5}.Release|Any CPU.Build.0 = Release|Any CPU
		{A0306A5D-7347-4817-BE35-2955F29E7FB7}.Debug|Any CPU.ActiveCfg = Debug|Any CPU
		{A0306A5D-7347-4817-BE35-2955F29E7FB7}.Debug|Any CPU.Build.0 = Debug|Any CPU
		{A0306A5D-7347-4817-BE35-2955F29E7FB7}.Release|Any CPU.ActiveCfg = Release|Any CPU
		{A0306A5D-7347-4817-BE35-2955F29E7FB7}.Release|Any CPU.Build.0 = Release|Any CPU
		{17284AE9-7E65-4B0F-96E6-4780D624BA3B}.Debug|Any CPU.ActiveCfg = Debug|Any CPU
		{17284AE9-7E65-4B0F-96E6-4780D624BA3B}.Debug|Any CPU.Build.0 = Debug|Any CPU
		{17284AE9-7E65-4B0F-96E6-4780D624BA3B}.Release|Any CPU.ActiveCfg = Release|Any CPU
		{17284AE9-7E65-4B0F-96E6-4780D624BA3B}.Release|Any CPU.Build.0 = Release|Any CPU
	EndGlobalSection
	GlobalSection(SolutionProperties) = preSolution
		HideSolutionNode = FALSE
	EndGlobalSection
EndGlobal
